
Microsoft Visual Studio Solution File, Format Version 12.00
# Visual Studio Version 16
VisualStudioVersion = 16.0.31205.134
MinimumVisualStudioVersion = 10.0.40219.1
Project("{FAE04EC0-301F-11D3-BF4B-00C04F79EFBC}") = "WindowsFormsApp2", "WindowsFormsApp2\WindowsFormsApp2.csproj", "{CA8AFCC6-2AA9-4D2C-8EC8-B8691FE4EC67}"
EndProject
Global
	GlobalSection(SolutionConfigurationPlatforms) = preSolution
		Debug|Any CPU = Debug|Any CPU
		Release|Any CPU = Release|Any CPU
	EndGlobalSection
	GlobalSection(ProjectConfigurationPlatforms) = postSolution
		{CA8AFCC6-2AA9-4D2C-8EC8-B8691FE4EC67}.Debug|Any CPU.ActiveCfg = Debug|Any CPU
		{CA8AFCC6-2AA9-4D2C-8EC8-B8691FE4EC67}.Debug|Any CPU.Build.0 = Debug|Any CPU
		{CA8AFCC6-2AA9-4D2C-8EC8-B8691FE4EC67}.Release|Any CPU.ActiveCfg = Release|Any CPU
		{CA8AFCC6-2AA9-4D2C-8EC8-B8691FE4EC67}.Release|Any CPU.Build.0 = Release|Any CPU
	EndGlobalSection
	GlobalSection(SolutionProperties) = preSolution
		HideSolutionNode = FALSE
	EndGlobalSection
	GlobalSection(ExtensibilityGlobals) = postSolution
		SolutionGuid = {10B25DB4-BDF2-4A7E-81B5-B0F997DADBD2}
	EndGlobalSection
EndGlobal
